
Microsoft Visual Studio Solution File, Format Version 12.00
# Visual Studio 14
VisualStudioVersion = 14.0.25420.1
MinimumVisualStudioVersion = 10.0.40219.1
Project("{2150E333-8FDC-42A3-9474-1A3956D46DE8}") = "src", "src", "{95979F84-9E07-475B-B879-103218BBA570}"
EndProject
Project("{2150E333-8FDC-42A3-9474-1A3956D46DE8}") = "Solution Items", "Solution Items", "{F815803D-7472-4DBE-9650-986E1533DB0F}"
	ProjectSection(SolutionItems) = preProject
		global.json = global.json
	EndProjectSection
EndProject
Project("{8BB2217D-0F2D-49D1-97BC-3654ED321F3B}") = "DistantLearning", "src\DistantLearning\DistantLearning.xproj", "{5067324C-66DA-499F-B2DD-CAD32469EFF4}"
EndProject
Project("{8BB2217D-0F2D-49D1-97BC-3654ED321F3B}") = "Domain", "src\Domain\Domain.xproj", "{8A76B6FB-CFA6-4BAC-8BED-9217D47A7D51}"
EndProject
Project("{8BB2217D-0F2D-49D1-97BC-3654ED321F3B}") = "DataAccessProvider", "src\DataAccessProvider\DataAccessProvider.xproj", "{67260945-1A24-4012-92AF-2E48568BFDCD}"
EndProject
Global
	GlobalSection(SolutionConfigurationPlatforms) = preSolution
		Debug|Any CPU = Debug|Any CPU
		Release|Any CPU = Release|Any CPU
	EndGlobalSection
	GlobalSection(ProjectConfigurationPlatforms) = postSolution
		{5067324C-66DA-499F-B2DD-CAD32469EFF4}.Debug|Any CPU.ActiveCfg = Debug|Any CPU
		{5067324C-66DA-499F-B2DD-CAD32469EFF4}.Debug|Any CPU.Build.0 = Debug|Any CPU
		{5067324C-66DA-499F-B2DD-CAD32469EFF4}.Release|Any CPU.ActiveCfg = Release|Any CPU
		{5067324C-66DA-499F-B2DD-CAD32469EFF4}.Release|Any CPU.Build.0 = Release|Any CPU
		{8A76B6FB-CFA6-4BAC-8BED-9217D47A7D51}.Debug|Any CPU.ActiveCfg = Debug|Any CPU
		{8A76B6FB-CFA6-4BAC-8BED-9217D47A7D51}.Debug|Any CPU.Build.0 = Debug|Any CPU
		{8A76B6FB-CFA6-4BAC-8BED-9217D47A7D51}.Release|Any CPU.ActiveCfg = Release|Any CPU
		{8A76B6FB-CFA6-4BAC-8BED-9217D47A7D51}.Release|Any CPU.Build.0 = Release|Any CPU
		{67260945-1A24-4012-92AF-2E48568BFDCD}.Debug|Any CPU.ActiveCfg = Debug|Any CPU
		{67260945-1A24-4012-92AF-2E48568BFDCD}.Debug|Any CPU.Build.0 = Debug|Any CPU
		{67260945-1A24-4012-92AF-2E48568BFDCD}.Release|Any CPU.ActiveCfg = Release|Any CPU
		{67260945-1A24-4012-92AF-2E48568BFDCD}.Release|Any CPU.Build.0 = Release|Any CPU
	EndGlobalSection
	GlobalSection(SolutionProperties) = preSolution
		HideSolutionNode = FALSE
	EndGlobalSection
	GlobalSection(NestedProjects) = preSolution
		{5067324C-66DA-499F-B2DD-CAD32469EFF4} = {95979F84-9E07-475B-B879-103218BBA570}
		{8A76B6FB-CFA6-4BAC-8BED-9217D47A7D51} = {95979F84-9E07-475B-B879-103218BBA570}
		{67260945-1A24-4012-92AF-2E48568BFDCD} = {95979F84-9E07-475B-B879-103218BBA570}
	EndGlobalSection
EndGlobal
